
Microsoft Visual Studio Solution File, Format Version 12.00
# Visual Studio Version 17
VisualStudioVersion = 17.11.35312.102
MinimumVisualStudioVersion = 10.0.40219.1
Project("{FAE04EC0-301F-11D3-BF4B-00C04F79EFBC}") = "RBXInjector", "RBXInjector\RBXInjector.csproj", "{DF613A6D-94D1-4467-98A5-29A7D16B8D79}"
EndProject
Global
	GlobalSection(SolutionConfigurationPlatforms) = preSolution
		Debug|Any CPU = Debug|Any CPU
		Release|Any CPU = Release|Any CPU
	EndGlobalSection
	GlobalSection(ProjectConfigurationPlatforms) = postSolution
		{DF613A6D-94D1-4467-98A5-29A7D16B8D79}.Debug|Any CPU.ActiveCfg = Debug|Any CPU
		{DF613A6D-94D1-4467-98A5-29A7D16B8D79}.Debug|Any CPU.Build.0 = Debug|Any CPU
		{DF613A6D-94D1-4467-98A5-29A7D16B8D79}.Release|Any CPU.ActiveCfg = Release|Any CPU
		{DF613A6D-94D1-4467-98A5-29A7D16B8D79}.Release|Any CPU.Build.0 = Release|Any CPU
	EndGlobalSection
	GlobalSection(SolutionProperties) = preSolution
		HideSolutionNode = FALSE
	EndGlobalSection
	GlobalSection(ExtensibilityGlobals) = postSolution
		SolutionGuid = {3D4B2481-8524-4BB8-9CEB-3208827B0E41}
	EndGlobalSection
EndGlobal
